
Microsoft Visual Studio Solution File, Format Version 12.00
# Visual Studio Version 17
VisualStudioVersion = 17.6.33829.357
MinimumVisualStudioVersion = 10.0.40219.1
Project("{9A19103F-16F7-4668-BE54-9A1E7A4F7556}") = "DemoRazorWebApp", "DemoRazorWebApp\DemoRazorWebApp.csproj", "{1ACB1D56-54C5-4F7E-9587-CAF071CC6F28}"
EndProject
Project("{9A19103F-16F7-4668-BE54-9A1E7A4F7556}") = "DemoWebAppSqlLite", "DemoWebAppSqlLite\DemoWebAppSqlLite.csproj", "{0BDC3F74-C13A-4D8A-B156-150BBB8A33DA}"
EndProject
Project("{FAE04EC0-301F-11D3-BF4B-00C04F79EFBC}") = "WebApp", "WebApp\WebApp.csproj", "{E3FD6AA1-1342-4B20-A535-88C39EAABE85}"
EndProject
Global
	GlobalSection(SolutionConfigurationPlatforms) = preSolution
		Debug|Any CPU = Debug|Any CPU
		Release|Any CPU = Release|Any CPU
	EndGlobalSection
	GlobalSection(ProjectConfigurationPlatforms) = postSolution
		{1ACB1D56-54C5-4F7E-9587-CAF071CC6F28}.Debug|Any CPU.ActiveCfg = Debug|Any CPU
		{1ACB1D56-54C5-4F7E-9587-CAF071CC6F28}.Debug|Any CPU.Build.0 = Debug|Any CPU
		{1ACB1D56-54C5-4F7E-9587-CAF071CC6F28}.Release|Any CPU.ActiveCfg = Release|Any CPU
		{1ACB1D56-54C5-4F7E-9587-CAF071CC6F28}.Release|Any CPU.Build.0 = Release|Any CPU
		{0BDC3F74-C13A-4D8A-B156-150BBB8A33DA}.Debug|Any CPU.ActiveCfg = Debug|Any CPU
		{0BDC3F74-C13A-4D8A-B156-150BBB8A33DA}.Debug|Any CPU.Build.0 = Debug|Any CPU
		{0BDC3F74-C13A-4D8A-B156-150BBB8A33DA}.Release|Any CPU.ActiveCfg = Release|Any CPU
		{0BDC3F74-C13A-4D8A-B156-150BBB8A33DA}.Release|Any CPU.Build.0 = Release|Any CPU
		{E3FD6AA1-1342-4B20-A535-88C39EAABE85}.Debug|Any CPU.ActiveCfg = Debug|Any CPU
		{E3FD6AA1-1342-4B20-A535-88C39EAABE85}.Debug|Any CPU.Build.0 = Debug|Any CPU
		{E3FD6AA1-1342-4B20-A535-88C39EAABE85}.Release|Any CPU.ActiveCfg = Release|Any CPU
		{E3FD6AA1-1342-4B20-A535-88C39EAABE85}.Release|Any CPU.Build.0 = Release|Any CPU
	EndGlobalSection
	GlobalSection(SolutionProperties) = preSolution
		HideSolutionNode = FALSE
	EndGlobalSection
	GlobalSection(ExtensibilityGlobals) = postSolution
		SolutionGuid = {BA23DE31-09E2-4C18-90CA-DACF17C96A50}
	EndGlobalSection
EndGlobal
